github.com/hymkor/gmnlisp v0.7.5 h1:RwxQLTuFsyc7wAJqJoQVtXgZ/RR/2KdxbIp20bI1P+o=
github.com/hymkor/gmnlisp v0.7.5/go.mod h1:5GY1Nxnu68pufvGdhrk9Kyp9XSNkYLfNpXznLk+eS74=
github.com/nyaosorg/go-windows-su v0.2.1 h1:5V0XavLyjOqPUp7psxxCvBISaneU4XmFPSMlejSl5sc=
github.com/nyaosorg/go-windows-su v0.2.1/go.mod h1:fWKxSCXwGuDuW6ne0kLp/Cj0joXNDDw01G3LseQJYS0=
golang.org/x/sys v0.28.0 h1:Fksou7UEQUWlKvIdsqzJmUmCX3cZuD2+P3XyyzwMhlA=
golang.org/x/sys v0.28.0/go.mod h1:/VUhepiaJMQUp4+oa/7Zr1D23ma6VTLIYjOOTFZPUcA=
